
Microsoft Visual Studio Solution File, Format Version 12.00
# Visual Studio Version 16
VisualStudioVersion = 16.0.31105.61
MinimumVisualStudioVersion = 10.0.40219.1
Project("{FAE04EC0-301F-11D3-BF4B-00C04F79EFBC}") = "ATTT", "ATTT\ATTT.csproj", "{4B4AC7C4-2D10-414E-98CD-724AB800F0A7}"
EndProject
Project("{FAE04EC0-301F-11D3-BF4B-00C04F79EFBC}") = "Models", "Models\Models.csproj", "{7C8366A7-0250-49CB-8677-CDF3B259981A}"
EndProject
Global
	GlobalSection(SolutionConfigurationPlatforms) = preSolution
		Debug|Any CPU = Debug|Any CPU
		Release|Any CPU = Release|Any CPU
	EndGlobalSection
	GlobalSection(ProjectConfigurationPlatforms) = postSolution
		{4B4AC7C4-2D10-414E-98CD-724AB800F0A7}.Debug|Any CPU.ActiveCfg = Debug|Any CPU
		{4B4AC7C4-2D10-414E-98CD-724AB800F0A7}.Debug|Any CPU.Build.0 = Debug|Any CPU
		{4B4AC7C4-2D10-414E-98CD-724AB800F0A7}.Release|Any CPU.ActiveCfg = Release|Any CPU
		{4B4AC7C4-2D10-414E-98CD-724AB800F0A7}.Release|Any CPU.Build.0 = Release|Any CPU
		{7C8366A7-0250-49CB-8677-CDF3B259981A}.Debug|Any CPU.ActiveCfg = Debug|Any CPU
		{7C8366A7-0250-49CB-8677-CDF3B259981A}.Debug|Any CPU.Build.0 = Debug|Any CPU
		{7C8366A7-0250-49CB-8677-CDF3B259981A}.Release|Any CPU.ActiveCfg = Release|Any CPU
		{7C8366A7-0250-49CB-8677-CDF3B259981A}.Release|Any CPU.Build.0 = Release|Any CPU
	EndGlobalSection
	GlobalSection(SolutionProperties) = preSolution
		HideSolutionNode = FALSE
	EndGlobalSection
	GlobalSection(ExtensibilityGlobals) = postSolution
		SolutionGuid = {4439582D-53EA-43B6-981B-717A439261D6}
	EndGlobalSection
EndGlobal
